
Microsoft Visual Studio Solution File, Format Version 12.00
# Visual Studio Version 16
VisualStudioVersion = 16.0.30204.135
MinimumVisualStudioVersion = 10.0.40219.1
Project("{FAE04EC0-301F-11D3-BF4B-00C04F79EFBC}") = "IoTAppDevSDK", "IoTAppDevSDK.csproj", "{ADE81CA4-5998-4AB2-BC35-805AE76F6816}"
EndProject
Global
	GlobalSection(SolutionConfigurationPlatforms) = preSolution
		Debug|Any CPU = Debug|Any CPU
		Release|Any CPU = Release|Any CPU
	EndGlobalSection
	GlobalSection(ProjectConfigurationPlatforms) = postSolution
		{ADE81CA4-5998-4AB2-BC35-805AE76F6816}.Debug|Any CPU.ActiveCfg = Debug|Any CPU
		{ADE81CA4-5998-4AB2-BC35-805AE76F6816}.Debug|Any CPU.Build.0 = Debug|Any CPU
		{ADE81CA4-5998-4AB2-BC35-805AE76F6816}.Release|Any CPU.ActiveCfg = Release|Any CPU
		{ADE81CA4-5998-4AB2-BC35-805AE76F6816}.Release|Any CPU.Build.0 = Release|Any CPU
	EndGlobalSection
	GlobalSection(SolutionProperties) = preSolution
		HideSolutionNode = FALSE
	EndGlobalSection
	GlobalSection(ExtensibilityGlobals) = postSolution
		SolutionGuid = {F7DD46AE-CD91-494C-A8C4-B4F4066E6B7C}
	EndGlobalSection
EndGlobal
